
Microsoft Visual Studio Solution File, Format Version 12.00
# Visual Studio Version 16
VisualStudioVersion = 16.0.30804.86
MinimumVisualStudioVersion = 10.0.40219.1
Project("{9A19103F-16F7-4668-BE54-9A1E7A4F7556}") = "BlazorAppDemo", "BlazorAppDemo\BlazorAppDemo.csproj", "{2A75903A-6AA5-4813-8177-05EDC3B929A9}"
EndProject
Project("{9A19103F-16F7-4668-BE54-9A1E7A4F7556}") = "BlazorAppDemoServer", "BlazorAppDemoServer\BlazorAppDemoServer.csproj", "{3C044BD3-E967-4952-BE3D-E675044A87C9}"
EndProject
Project("{FAE04EC0-301F-11D3-BF4B-00C04F79EFBC}") = "BlazorAppLoginDemoCorps", "BlazorAppLoginDemoCorps\BlazorAppLoginDemoCorps.csproj", "{5263C47A-2DE4-46F0-B9A7-506C70DDDD3A}"
EndProject
Global
	GlobalSection(SolutionConfigurationPlatforms) = preSolution
		Debug|Any CPU = Debug|Any CPU
		Release|Any CPU = Release|Any CPU
	EndGlobalSection
	GlobalSection(ProjectConfigurationPlatforms) = postSolution
		{2A75903A-6AA5-4813-8177-05EDC3B929A9}.Debug|Any CPU.ActiveCfg = Debug|Any CPU
		{2A75903A-6AA5-4813-8177-05EDC3B929A9}.Debug|Any CPU.Build.0 = Debug|Any CPU
		{2A75903A-6AA5-4813-8177-05EDC3B929A9}.Release|Any CPU.ActiveCfg = Release|Any CPU
		{2A75903A-6AA5-4813-8177-05EDC3B929A9}.Release|Any CPU.Build.0 = Release|Any CPU
		{3C044BD3-E967-4952-BE3D-E675044A87C9}.Debug|Any CPU.ActiveCfg = Debug|Any CPU
		{3C044BD3-E967-4952-BE3D-E675044A87C9}.Debug|Any CPU.Build.0 = Debug|Any CPU
		{3C044BD3-E967-4952-BE3D-E675044A87C9}.Release|Any CPU.ActiveCfg = Release|Any CPU
		{3C044BD3-E967-4952-BE3D-E675044A87C9}.Release|Any CPU.Build.0 = Release|Any CPU
		{5263C47A-2DE4-46F0-B9A7-506C70DDDD3A}.Debug|Any CPU.ActiveCfg = Debug|Any CPU
		{5263C47A-2DE4-46F0-B9A7-506C70DDDD3A}.Debug|Any CPU.Build.0 = Debug|Any CPU
		{5263C47A-2DE4-46F0-B9A7-506C70DDDD3A}.Release|Any CPU.ActiveCfg = Release|Any CPU
		{5263C47A-2DE4-46F0-B9A7-506C70DDDD3A}.Release|Any CPU.Build.0 = Release|Any CPU
	EndGlobalSection
	GlobalSection(SolutionProperties) = preSolution
		HideSolutionNode = FALSE
	EndGlobalSection
	GlobalSection(ExtensibilityGlobals) = postSolution
		SolutionGuid = {D62C1AC3-5F68-4FBE-B595-7E798D7CA7E3}
	EndGlobalSection
EndGlobal
